{
  "nodes": {
    "nixpkgs": {
      "locked": {
        "lastModified": 1715668745,
        "narHash": "sha256-xp62OkRkbUDNUc6VSqH02jB0FbOS+MsfMb7wL1RJOfA=",
        "path": "/nix/store/7q4y8idjk2di380j1fxn4k7wx9y935cl-source",
        "rev": "9ddcaffecdf098822d944d4147dd8da30b4e6843",
        "type": "path"
      },
      "original": {
        "id": "nixpkgs",
        "type": "indirect"
      }
    },
    "root": {
      "inputs": {
        "nixpkgs": "nixpkgs"
      }
    }
  },
  "root": "root",
  "version": 7
}
